
Microsoft Visual Studio Solution File, Format Version 12.00
# Visual Studio Version 17
VisualStudioVersion = 17.8.34330.188
MinimumVisualStudioVersion = 10.0.40219.1
Project("{FAE04EC0-301F-11D3-BF4B-00C04F79EFBC}") = "ApiUsuarios", "ApiUsuarios\ApiUsuarios.csproj", "{C1786030-FB7B-474C-B97D-46CD050CC995}"
EndProject
Global
	GlobalSection(SolutionConfigurationPlatforms) = preSolution
		Debug|Any CPU = Debug|Any CPU
		Release|Any CPU = Release|Any CPU
	EndGlobalSection
	GlobalSection(ProjectConfigurationPlatforms) = postSolution
		{C1786030-FB7B-474C-B97D-46CD050CC995}.Debug|Any CPU.ActiveCfg = Debug|Any CPU
		{C1786030-FB7B-474C-B97D-46CD050CC995}.Debug|Any CPU.Build.0 = Debug|Any CPU
		{C1786030-FB7B-474C-B97D-46CD050CC995}.Release|Any CPU.ActiveCfg = Release|Any CPU
		{C1786030-FB7B-474C-B97D-46CD050CC995}.Release|Any CPU.Build.0 = Release|Any CPU
	EndGlobalSection
	GlobalSection(SolutionProperties) = preSolution
		HideSolutionNode = FALSE
	EndGlobalSection
	GlobalSection(ExtensibilityGlobals) = postSolution
		SolutionGuid = {DF78F32F-E7A5-46F1-8377-75A85BF2EBC7}
	EndGlobalSection
EndGlobal
